
Microsoft Visual Studio Solution File, Format Version 12.00
# Visual Studio Version 16
VisualStudioVersion = 16.0.30320.27
MinimumVisualStudioVersion = 10.0.40219.1
Project("{FAE04EC0-301F-11D3-BF4B-00C04F79EFBC}") = "MyFirstWinForm", "MyFirstWinForm\MyFirstWinForm.csproj", "{EE9B2767-4964-4710-917A-857802B7453F}"
EndProject
Project("{FAE04EC0-301F-11D3-BF4B-00C04F79EFBC}") = "FIrstADONet", "FIrstADONet\FIrstADONet.csproj", "{244D1321-639C-404A-8E43-2D718ABEC77F}"
EndProject
Project("{FAE04EC0-301F-11D3-BF4B-00C04F79EFBC}") = "MySqlHelper", "MySqlHelper\MySqlHelper.csproj", "{9F9B0EA7-CDE4-4C31-AD14-F9B17320F30C}"
EndProject
Project("{9A19103F-16F7-4668-BE54-9A1E7A4F7556}") = "SocketDemo", "SocketDemo\SocketDemo.csproj", "{9026895D-9F90-4A40-A811-66CFA456EE1A}"
EndProject
Project("{FAE04EC0-301F-11D3-BF4B-00C04F79EFBC}") = "FirstAspNet", "FirstAspNet\FirstAspNet.csproj", "{B07202AA-8AED-44AF-B99D-40320BBF0A3D}"
EndProject
Project("{2150E333-8FDC-42A3-9474-1A3956D46DE8}") = "FirstBase", "FirstBase", "{F6CA0410-03E6-4C91-8337-0F04A7F32329}"
EndProject
Project("{2150E333-8FDC-42A3-9474-1A3956D46DE8}") = "02.WebAPI", "02.WebAPI", "{5B950752-F59E-4721-AB3E-609E1F0DC0F9}"
EndProject
Project("{FAE04EC0-301F-11D3-BF4B-00C04F79EFBC}") = "WebAPIFilter", "WebAPIFilter\WebAPIFilter.csproj", "{43D1C414-CA26-4CB5-BFC7-6E23BC5E993D}"
EndProject
Project("{FAE04EC0-301F-11D3-BF4B-00C04F79EFBC}") = "JWTTest", "JWTTest\JWTTest.csproj", "{460E36C7-40C4-4069-8643-0E6C3CAD4D72}"
EndProject
Project("{2150E333-8FDC-42A3-9474-1A3956D46DE8}") = "01.UserCenter", "01.UserCenter", "{B2CC0F03-C3A3-4A59-BFDA-BD12B04A63B2}"
EndProject
Project("{FAE04EC0-301F-11D3-BF4B-00C04F79EFBC}") = "UserCenter.DTO", "DTO\UserCenter.DTO.csproj", "{B4B23DE5-46DF-4D81-BDE4-16B5E2F821F6}"
EndProject
Project("{FAE04EC0-301F-11D3-BF4B-00C04F79EFBC}") = "UserCenter.IServices", "UserCenter.IServices\UserCenter.IServices.csproj", "{572A1D47-6046-4C41-8E5F-5E9E8CF35762}"
EndProject
Project("{FAE04EC0-301F-11D3-BF4B-00C04F79EFBC}") = "UserCenter.Services", "UserCenter.Services\UserCenter.Services.csproj", "{0ADDF763-5979-4323-9AF2-AA9FD82C632A}"
EndProject
Project("{FAE04EC0-301F-11D3-BF4B-00C04F79EFBC}") = "UserCenter.OpenAPI", "UserCenter.OpenAPI\UserCenter.OpenAPI.csproj", "{BA8092F0-ACC6-4D85-AF63-3985438F556C}"
EndProject
Project("{FAE04EC0-301F-11D3-BF4B-00C04F79EFBC}") = "UserCenter.NETSDK", "UserCenter.NETSDK\UserCenter.NETSDK.csproj", "{8CB34025-F650-4EA2-A430-2F8F7CFF9B57}"
EndProject
Project("{FAE04EC0-301F-11D3-BF4B-00C04F79EFBC}") = "UserCenter.NetAPITest", "UserCenter.NetAPITest\UserCenter.NetAPITest.csproj", "{0E41A993-5C11-452D-87CA-529B6927010E}"
EndProject
Project("{9A19103F-16F7-4668-BE54-9A1E7A4F7556}") = "CoewWebAPITest", "CoewWebAPITest\CoewWebAPITest.csproj", "{8DCF8DC9-2BC5-4EFA-993B-7CBF5F525DAD}"
EndProject
Project("{FAE04EC0-301F-11D3-BF4B-00C04F79EFBC}") = "WebApplication1", "WebApplication1\WebApplication1.csproj", "{30D46228-C8E6-479F-8C4E-D77D98115CC8}"
EndProject
Project("{2150E333-8FDC-42A3-9474-1A3956D46DE8}") = "03.NOSQL", "03.NOSQL", "{9094B8EE-5154-40C0-8C5B-C4FABFEAD9E1}"
EndProject
Project("{FAE04EC0-301F-11D3-BF4B-00C04F79EFBC}") = "NoSQLDemo", "NoSQLDemo\NoSQLDemo.csproj", "{82478112-7009-4992-91BD-A94B22684EE6}"
EndProject
Project("{FAE04EC0-301F-11D3-BF4B-00C04F79EFBC}") = "RedisDemo", "RedisDemo\RedisDemo.csproj", "{D57CE7DC-F0C3-494F-BF02-58E3A0A29C2D}"
EndProject
Project("{FAE04EC0-301F-11D3-BF4B-00C04F79EFBC}") = "RedisDemo3", "RedisDemo3\RedisDemo3.csproj", "{021AF6F3-EB90-4C61-B001-13F1D7CDA69D}"
EndProject
Project("{FAE04EC0-301F-11D3-BF4B-00C04F79EFBC}") = "MongoDBTest", "MongoDBTest\MongoDBTest.csproj", "{849026DC-E047-4206-B7C0-2E9E03F505A9}"
EndProject
Project("{FAE04EC0-301F-11D3-BF4B-00C04F79EFBC}") = "MongodbWinFrame", "MongodbWinFrame\MongodbWinFrame.csproj", "{21C66CC1-BA09-43AB-892D-BA121C3E250F}"
EndProject
Global
	GlobalSection(SolutionConfigurationPlatforms) = preSolution
		Debug|Any CPU = Debug|Any CPU
		Release|Any CPU = Release|Any CPU
	EndGlobalSection
	GlobalSection(ProjectConfigurationPlatforms) = postSolution
		{EE9B2767-4964-4710-917A-857802B7453F}.Debug|Any CPU.ActiveCfg = Debug|Any CPU
		{EE9B2767-4964-4710-917A-857802B7453F}.Debug|Any CPU.Build.0 = Debug|Any CPU
		{EE9B2767-4964-4710-917A-857802B7453F}.Release|Any CPU.ActiveCfg = Release|Any CPU
		{EE9B2767-4964-4710-917A-857802B7453F}.Release|Any CPU.Build.0 = Release|Any CPU
		{244D1321-639C-404A-8E43-2D718ABEC77F}.Debug|Any CPU.ActiveCfg = Debug|Any CPU
		{244D1321-639C-404A-8E43-2D718ABEC77F}.Debug|Any CPU.Build.0 = Debug|Any CPU
		{244D1321-639C-404A-8E43-2D718ABEC77F}.Release|Any CPU.ActiveCfg = Release|Any CPU
		{244D1321-639C-404A-8E43-2D718ABEC77F}.Release|Any CPU.Build.0 = Release|Any CPU
		{9F9B0EA7-CDE4-4C31-AD14-F9B17320F30C}.Debug|Any CPU.ActiveCfg = Debug|Any CPU
		{9F9B0EA7-CDE4-4C31-AD14-F9B17320F30C}.Debug|Any CPU.Build.0 = Debug|Any CPU
		{9F9B0EA7-CDE4-4C31-AD14-F9B17320F30C}.Release|Any CPU.ActiveCfg = Release|Any CPU
		{9F9B0EA7-CDE4-4C31-AD14-F9B17320F30C}.Release|Any CPU.Build.0 = Release|Any CPU
		{9026895D-9F90-4A40-A811-66CFA456EE1A}.Debug|Any CPU.ActiveCfg = Debug|Any CPU
		{9026895D-9F90-4A40-A811-66CFA456EE1A}.Debug|Any CPU.Build.0 = Debug|Any CPU
		{9026895D-9F90-4A40-A811-66CFA456EE1A}.Release|Any CPU.ActiveCfg = Release|Any CPU
		{9026895D-9F90-4A40-A811-66CFA456EE1A}.Release|Any CPU.Build.0 = Release|Any CPU
		{B07202AA-8AED-44AF-B99D-40320BBF0A3D}.Debug|Any CPU.ActiveCfg = Debug|Any CPU
		{B07202AA-8AED-44AF-B99D-40320BBF0A3D}.Debug|Any CPU.Build.0 = Debug|Any CPU
		{B07202AA-8AED-44AF-B99D-40320BBF0A3D}.Release|Any CPU.ActiveCfg = Release|Any CPU
		{B07202AA-8AED-44AF-B99D-40320BBF0A3D}.Release|Any CPU.Build.0 = Release|Any CPU
		{43D1C414-CA26-4CB5-BFC7-6E23BC5E993D}.Debug|Any CPU.ActiveCfg = Debug|Any CPU
		{43D1C414-CA26-4CB5-BFC7-6E23BC5E993D}.Debug|Any CPU.Build.0 = Debug|Any CPU
		{43D1C414-CA26-4CB5-BFC7-6E23BC5E993D}.Release|Any CPU.ActiveCfg = Release|Any CPU
		{43D1C414-CA26-4CB5-BFC7-6E23BC5E993D}.Release|Any CPU.Build.0 = Release|Any CPU
		{460E36C7-40C4-4069-8643-0E6C3CAD4D72}.Debug|Any CPU.ActiveCfg = Debug|Any CPU
		{460E36C7-40C4-4069-8643-0E6C3CAD4D72}.Debug|Any CPU.Build.0 = Debug|Any CPU
		{460E36C7-40C4-4069-8643-0E6C3CAD4D72}.Release|Any CPU.ActiveCfg = Release|Any CPU
		{460E36C7-40C4-4069-8643-0E6C3CAD4D72}.Release|Any CPU.Build.0 = Release|Any CPU
		{B4B23DE5-46DF-4D81-BDE4-16B5E2F821F6}.Debug|Any CPU.ActiveCfg = Debug|Any CPU
		{B4B23DE5-46DF-4D81-BDE4-16B5E2F821F6}.Debug|Any CPU.Build.0 = Debug|Any CPU
		{B4B23DE5-46DF-4D81-BDE4-16B5E2F821F6}.Release|Any CPU.ActiveCfg = Release|Any CPU
		{B4B23DE5-46DF-4D81-BDE4-16B5E2F821F6}.Release|Any CPU.Build.0 = Release|Any CPU
		{572A1D47-6046-4C41-8E5F-5E9E8CF35762}.Debug|Any CPU.ActiveCfg = Debug|Any CPU
		{572A1D47-6046-4C41-8E5F-5E9E8CF35762}.Debug|Any CPU.Build.0 = Debug|Any CPU
		{572A1D47-6046-4C41-8E5F-5E9E8CF35762}.Release|Any CPU.ActiveCfg = Release|Any CPU
		{572A1D47-6046-4C41-8E5F-5E9E8CF35762}.Release|Any CPU.Build.0 = Release|Any CPU
		{0ADDF763-5979-4323-9AF2-AA9FD82C632A}.Debug|Any CPU.ActiveCfg = Debug|Any CPU
		{0ADDF763-5979-4323-9AF2-AA9FD82C632A}.Debug|Any CPU.Build.0 = Debug|Any CPU
		{0ADDF763-5979-4323-9AF2-AA9FD82C632A}.Release|Any CPU.ActiveCfg = Release|Any CPU
		{0ADDF763-5979-4323-9AF2-AA9FD82C632A}.Release|Any CPU.Build.0 = Release|Any CPU
		{BA8092F0-ACC6-4D85-AF63-3985438F556C}.Debug|Any CPU.ActiveCfg = Debug|Any CPU
		{BA8092F0-ACC6-4D85-AF63-3985438F556C}.Debug|Any CPU.Build.0 = Debug|Any CPU
		{BA8092F0-ACC6-4D85-AF63-3985438F556C}.Release|Any CPU.ActiveCfg = Release|Any CPU
		{BA8092F0-ACC6-4D85-AF63-3985438F556C}.Release|Any CPU.Build.0 = Release|Any CPU
		{8CB34025-F650-4EA2-A430-2F8F7CFF9B57}.Debug|Any CPU.ActiveCfg = Debug|Any CPU
		{8CB34025-F650-4EA2-A430-2F8F7CFF9B57}.Debug|Any CPU.Build.0 = Debug|Any CPU
		{8CB34025-F650-4EA2-A430-2F8F7CFF9B57}.Release|Any CPU.ActiveCfg = Release|Any CPU
		{8CB34025-F650-4EA2-A430-2F8F7CFF9B57}.Release|Any CPU.Build.0 = Release|Any CPU
		{0E41A993-5C11-452D-87CA-529B6927010E}.Debug|Any CPU.ActiveCfg = Debug|Any CPU
		{0E41A993-5C11-452D-87CA-529B6927010E}.Debug|Any CPU.Build.0 = Debug|Any CPU
		{0E41A993-5C11-452D-87CA-529B6927010E}.Release|Any CPU.ActiveCfg = Release|Any CPU
		{0E41A993-5C11-452D-87CA-529B6927010E}.Release|Any CPU.Build.0 = Release|Any CPU
		{8DCF8DC9-2BC5-4EFA-993B-7CBF5F525DAD}.Debug|Any CPU.ActiveCfg = Debug|Any CPU
		{8DCF8DC9-2BC5-4EFA-993B-7CBF5F525DAD}.Debug|Any CPU.Build.0 = Debug|Any CPU
		{8DCF8DC9-2BC5-4EFA-993B-7CBF5F525DAD}.Release|Any CPU.ActiveCfg = Release|Any CPU
		{8DCF8DC9-2BC5-4EFA-993B-7CBF5F525DAD}.Release|Any CPU.Build.0 = Release|Any CPU
		{30D46228-C8E6-479F-8C4E-D77D98115CC8}.Debug|Any CPU.ActiveCfg = Debug|Any CPU
		{30D46228-C8E6-479F-8C4E-D77D98115CC8}.Debug|Any CPU.Build.0 = Debug|Any CPU
		{30D46228-C8E6-479F-8C4E-D77D98115CC8}.Release|Any CPU.ActiveCfg = Release|Any CPU
		{30D46228-C8E6-479F-8C4E-D77D98115CC8}.Release|Any CPU.Build.0 = Release|Any CPU
		{82478112-7009-4992-91BD-A94B22684EE6}.Debug|Any CPU.ActiveCfg = Debug|Any CPU
		{82478112-7009-4992-91BD-A94B22684EE6}.Debug|Any CPU.Build.0 = Debug|Any CPU
		{82478112-7009-4992-91BD-A94B22684EE6}.Release|Any CPU.ActiveCfg = Release|Any CPU
		{82478112-7009-4992-91BD-A94B22684EE6}.Release|Any CPU.Build.0 = Release|Any CPU
		{D57CE7DC-F0C3-494F-BF02-58E3A0A29C2D}.Debug|Any CPU.ActiveCfg = Debug|Any CPU
		{D57CE7DC-F0C3-494F-BF02-58E3A0A29C2D}.Debug|Any CPU.Build.0 = Debug|Any CPU
		{D57CE7DC-F0C3-494F-BF02-58E3A0A29C2D}.Release|Any CPU.ActiveCfg = Release|Any CPU
		{D57CE7DC-F0C3-494F-BF02-58E3A0A29C2D}.Release|Any CPU.Build.0 = Release|Any CPU
		{021AF6F3-EB90-4C61-B001-13F1D7CDA69D}.Debug|Any CPU.ActiveCfg = Debug|Any CPU
		{021AF6F3-EB90-4C61-B001-13F1D7CDA69D}.Debug|Any CPU.Build.0 = Debug|Any CPU
		{021AF6F3-EB90-4C61-B001-13F1D7CDA69D}.Release|Any CPU.ActiveCfg = Release|Any CPU
		{021AF6F3-EB90-4C61-B001-13F1D7CDA69D}.Release|Any CPU.Build.0 = Release|Any CPU
		{849026DC-E047-4206-B7C0-2E9E03F505A9}.Debug|Any CPU.ActiveCfg = Debug|Any CPU
		{849026DC-E047-4206-B7C0-2E9E03F505A9}.Debug|Any CPU.Build.0 = Debug|Any CPU
		{849026DC-E047-4206-B7C0-2E9E03F505A9}.Release|Any CPU.ActiveCfg = Release|Any CPU
		{849026DC-E047-4206-B7C0-2E9E03F505A9}.Release|Any CPU.Build.0 = Release|Any CPU
		{21C66CC1-BA09-43AB-892D-BA121C3E250F}.Debug|Any CPU.ActiveCfg = Debug|Any CPU
		{21C66CC1-BA09-43AB-892D-BA121C3E250F}.Debug|Any CPU.Build.0 = Debug|Any CPU
		{21C66CC1-BA09-43AB-892D-BA121C3E250F}.Release|Any CPU.ActiveCfg = Release|Any CPU
		{21C66CC1-BA09-43AB-892D-BA121C3E250F}.Release|Any CPU.Build.0 = Release|Any CPU
	EndGlobalSection
	GlobalSection(SolutionProperties) = preSolution
		HideSolutionNode = FALSE
	EndGlobalSection
	GlobalSection(NestedProjects) = preSolution
		{EE9B2767-4964-4710-917A-857802B7453F} = {F6CA0410-03E6-4C91-8337-0F04A7F32329}
		{244D1321-639C-404A-8E43-2D718ABEC77F} = {F6CA0410-03E6-4C91-8337-0F04A7F32329}
		{9F9B0EA7-CDE4-4C31-AD14-F9B17320F30C} = {F6CA0410-03E6-4C91-8337-0F04A7F32329}
		{9026895D-9F90-4A40-A811-66CFA456EE1A} = {F6CA0410-03E6-4C91-8337-0F04A7F32329}
		{B07202AA-8AED-44AF-B99D-40320BBF0A3D} = {F6CA0410-03E6-4C91-8337-0F04A7F32329}
		{43D1C414-CA26-4CB5-BFC7-6E23BC5E993D} = {5B950752-F59E-4721-AB3E-609E1F0DC0F9}
		{460E36C7-40C4-4069-8643-0E6C3CAD4D72} = {5B950752-F59E-4721-AB3E-609E1F0DC0F9}
		{B4B23DE5-46DF-4D81-BDE4-16B5E2F821F6} = {B2CC0F03-C3A3-4A59-BFDA-BD12B04A63B2}
		{572A1D47-6046-4C41-8E5F-5E9E8CF35762} = {B2CC0F03-C3A3-4A59-BFDA-BD12B04A63B2}
		{0ADDF763-5979-4323-9AF2-AA9FD82C632A} = {B2CC0F03-C3A3-4A59-BFDA-BD12B04A63B2}
		{BA8092F0-ACC6-4D85-AF63-3985438F556C} = {B2CC0F03-C3A3-4A59-BFDA-BD12B04A63B2}
		{8CB34025-F650-4EA2-A430-2F8F7CFF9B57} = {B2CC0F03-C3A3-4A59-BFDA-BD12B04A63B2}
		{0E41A993-5C11-452D-87CA-529B6927010E} = {B2CC0F03-C3A3-4A59-BFDA-BD12B04A63B2}
		{8DCF8DC9-2BC5-4EFA-993B-7CBF5F525DAD} = {5B950752-F59E-4721-AB3E-609E1F0DC0F9}
		{30D46228-C8E6-479F-8C4E-D77D98115CC8} = {5B950752-F59E-4721-AB3E-609E1F0DC0F9}
		{82478112-7009-4992-91BD-A94B22684EE6} = {9094B8EE-5154-40C0-8C5B-C4FABFEAD9E1}
		{D57CE7DC-F0C3-494F-BF02-58E3A0A29C2D} = {9094B8EE-5154-40C0-8C5B-C4FABFEAD9E1}
		{021AF6F3-EB90-4C61-B001-13F1D7CDA69D} = {9094B8EE-5154-40C0-8C5B-C4FABFEAD9E1}
		{849026DC-E047-4206-B7C0-2E9E03F505A9} = {9094B8EE-5154-40C0-8C5B-C4FABFEAD9E1}
		{21C66CC1-BA09-43AB-892D-BA121C3E250F} = {9094B8EE-5154-40C0-8C5B-C4FABFEAD9E1}
	EndGlobalSection
	GlobalSection(ExtensibilityGlobals) = postSolution
		SolutionGuid = {CCD6C4EE-8531-4004-8BD2-F3FDABCB2198}
	EndGlobalSection
EndGlobal
